// !$*UTF8*$!
{
	archiveVersion = 1;
	classes = {
	};
	objectVersion = 52;
	objects = {

/* Begin PBXBuildFile section */
		063F48ED2B49E09C00E90E92 /* NoteViewController.swift in Sources */ = {isa = PBXBuildFile; fileRef = 063F48EC2B49E09C00E90E92 /* NoteViewController.swift */; };
		063F48F12B4D762C00E90E92 /* CategoryViewCell .swift in Sources */ = {isa = PBXBuildFile; fileRef = 063F48F02B4D762C00E90E92 /* CategoryViewCell .swift */; };
		063F48F62B4DB45D00E90E92 /* SelectStyleViewController.swift in Sources */ = {isa = PBXBuildFile; fileRef = 063F48F52B4DB45D00E90E92 /* SelectStyleViewController.swift */; };
		06AB9BC72B45FA3B000E229C /* AppDelegate.swift in Sources */ = {isa = PBXBuildFile; fileRef = 06AB9BC62B45FA3B000E229C /* AppDelegate.swift */; };
		06AB9BCB2B45FA3B000E229C /* NotesListViewController.swift in Sources */ = {isa = PBXBuildFile; fileRef = 06AB9BCA2B45FA3B000E229C /* NotesListViewController.swift */; };
		06AB9BD02B45FA3C000E229C /* Assets.xcassets in Resources */ = {isa = PBXBuildFile; fileRef = 06AB9BCF2B45FA3C000E229C /* Assets.xcassets */; };
		06AB9C002B46CE8C000E229C /* SimpleNoteTableViewCell.swift in Sources */ = {isa = PBXBuildFile; fileRef = 06AB9BFF2B46CE8C000E229C /* SimpleNoteTableViewCell.swift */; };
		06AB9C032B46CEEE000E229C /* ImageNoteTableViewCell.swift in Sources */ = {isa = PBXBuildFile; fileRef = 06AB9C022B46CEEE000E229C /* ImageNoteTableViewCell.swift */; };
		06AB9C0A2B4749AE000E229C /* SnapKit in Frameworks */ = {isa = PBXBuildFile; productRef = 06AB9C092B4749AE000E229C /* SnapKit */; };
		06AB9C0F2B488E86000E229C /* Note.swift in Sources */ = {isa = PBXBuildFile; fileRef = 06AB9C0E2B488E86000E229C /* Note.swift */; };
		06AB9C132B48918A000E229C /* NotesListViewModel.swift in Sources */ = {isa = PBXBuildFile; fileRef = 06AB9C122B48918A000E229C /* NotesListViewModel.swift */; };
		06AB9C152B489B7B000E229C /* TableViewSection.swift in Sources */ = {isa = PBXBuildFile; fileRef = 06AB9C142B489B7B000E229C /* TableViewSection.swift */; };
		06AB9C172B498850000E229C /* UIColor+Ex.swift in Sources */ = {isa = PBXBuildFile; fileRef = 06AB9C162B498850000E229C /* UIColor+Ex.swift */; };
/* End PBXBuildFile section */

/* Begin PBXCopyFilesBuildPhase section */
		06AB9C0B2B4749AE000E229C /* Embed Frameworks */ = {
			isa = PBXCopyFilesBuildPhase;
			buildActionMask = 2147483647;
			dstPath = "";
			dstSubfolderSpec = 10;
			files = (
			);
			name = "Embed Frameworks";
			runOnlyForDeploymentPostprocessing = 0;
		};
/* End PBXCopyFilesBuildPhase section */

/* Begin PBXFileReference section */
		063F48EC2B49E09C00E90E92 /* NoteViewController.swift */ = {isa = PBXFileReference; lastKnownFileType = sourcecode.swift; path = NoteViewController.swift; sourceTree = "<group>"; };
		063F48F02B4D762C00E90E92 /* CategoryViewCell .swift */ = {isa = PBXFileReference; lastKnownFileType = sourcecode.swift; path = "CategoryViewCell .swift"; sourceTree = "<group>"; };
		063F48F52B4DB45D00E90E92 /* SelectStyleViewController.swift */ = {isa = PBXFileReference; lastKnownFileType = sourcecode.swift; path = SelectStyleViewController.swift; sourceTree = "<group>"; };
		06AB9BC32B45FA3B000E229C /* NotesLesson.app */ = {isa = PBXFileReference; explicitFileType = wrapper.application; includeInIndex = 0; path = NotesLesson.app; sourceTree = BUILT_PRODUCTS_DIR; };
		06AB9BC62B45FA3B000E229C /* AppDelegate.swift */ = {isa = PBXFileReference; lastKnownFileType = sourcecode.swift; path = AppDelegate.swift; sourceTree = "<group>"; };
		06AB9BCA2B45FA3B000E229C /* NotesListViewController.swift */ = {isa = PBXFileReference; lastKnownFileType = sourcecode.swift; path = NotesListViewController.swift; sourceTree = "<group>"; };
		06AB9BCF2B45FA3C000E229C /* Assets.xcassets */ = {isa = PBXFileReference; lastKnownFileType = folder.assetcatalog; path = Assets.xcassets; sourceTree = "<group>"; };
		06AB9BD42B45FA3C000E229C /* Info.plist */ = {isa = PBXFileReference; lastKnownFileType = text.plist.xml; path = Info.plist; sourceTree = "<group>"; };
		06AB9BFF2B46CE8C000E229C /* SimpleNoteTableViewCell.swift */ = {isa = PBXFileReference; lastKnownFileType = sourcecode.swift; path = SimpleNoteTableViewCell.swift; sourceTree = "<group>"; };
		06AB9C022B46CEEE000E229C /* ImageNoteTableViewCell.swift */ = {isa = PBXFileReference; lastKnownFileType = sourcecode.swift; path = ImageNoteTableViewCell.swift; sourceTree = "<group>"; };
		06AB9C0E2B488E86000E229C /* Note.swift */ = {isa = PBXFileReference; lastKnownFileType = sourcecode.swift; path = Note.swift; sourceTree = "<group>"; };
		06AB9C122B48918A000E229C /* NotesListViewModel.swift */ = {isa = PBXFileReference; lastKnownFileType = sourcecode.swift; path = NotesListViewModel.swift; sourceTree = "<group>"; };
		06AB9C142B489B7B000E229C /* TableViewSection.swift */ = {isa = PBXFileReference; lastKnownFileType = sourcecode.swift; path = TableViewSection.swift; sourceTree = "<group>"; };
		06AB9C162B498850000E229C /* UIColor+Ex.swift */ = {isa = PBXFileReference; lastKnownFileType = sourcecode.swift; path = "UIColor+Ex.swift"; sourceTree = "<group>"; };
/* End PBXFileReference section */

/* Begin PBXFrameworksBuildPhase section */
		06AB9BC02B45FA3B000E229C /* Frameworks */ = {
			isa = PBXFrameworksBuildPhase;
			buildActionMask = 2147483647;
			files = (
				06AB9C0A2B4749AE000E229C /* SnapKit in Frameworks */,
			);
			runOnlyForDeploymentPostprocessing = 0;
		};
/* End PBXFrameworksBuildPhase section */

/* Begin PBXGroup section */
		063F48EE2B49EDAA00E90E92 /* Note */ = {
			isa = PBXGroup;
			children = (
				063F48EF2B49EDE000E90E92 /* ViewController */,
			);
			path = Note;
			sourceTree = "<group>";
		};
		063F48EF2B49EDE000E90E92 /* ViewController */ = {
			isa = PBXGroup;
			children = (
				063F48EC2B49E09C00E90E92 /* NoteViewController.swift */,
			);
			path = ViewController;
			sourceTree = "<group>";
		};
		063F48F22B4D76DC00E90E92 /* SelectStyleView */ = {
			isa = PBXGroup;
			children = (
				063F48F02B4D762C00E90E92 /* CategoryViewCell .swift */,
				063F48F52B4DB45D00E90E92 /* SelectStyleViewController.swift */,
			);
			path = SelectStyleView;
			sourceTree = "<group>";
		};
		06AB9BBA2B45FA3B000E229C = {
			isa = PBXGroup;
			children = (
				06AB9BC52B45FA3B000E229C /* NotesLesson */,
				06AB9BC42B45FA3B000E229C /* Products */,
			);
			sourceTree = "<group>";
		};
		06AB9BC42B45FA3B000E229C /* Products */ = {
			isa = PBXGroup;
			children = (
				06AB9BC32B45FA3B000E229C /* NotesLesson.app */,
			);
			name = Products;
			sourceTree = "<group>";
		};
		06AB9BC52B45FA3B000E229C /* NotesLesson */ = {
			isa = PBXGroup;
			children = (
				06AB9BC62B45FA3B000E229C /* AppDelegate.swift */,
				06AB9C142B489B7B000E229C /* TableViewSection.swift */,
				063F48EE2B49EDAA00E90E92 /* Note */,
				06AB9C112B4890DF000E229C /* NotesList */,
				06AB9BCF2B45FA3C000E229C /* Assets.xcassets */,
				06AB9BD42B45FA3C000E229C /* Info.plist */,
				06AB9C182B498855000E229C /* Extensions */,
			);
			path = NotesLesson;
			sourceTree = "<group>";
		};
		06AB9C0C2B488C4A000E229C /* View */ = {
			isa = PBXGroup;
			children = (
				063F48F22B4D76DC00E90E92 /* SelectStyleView */,
				06AB9C022B46CEEE000E229C /* ImageNoteTableViewCell.swift */,
				06AB9BCA2B45FA3B000E229C /* NotesListViewController.swift */,
				06AB9BFF2B46CE8C000E229C /* SimpleNoteTableViewCell.swift */,
			);
			path = View;
			sourceTree = "<group>";
		};
		06AB9C0D2B488C6F000E229C /* ViewModel */ = {
			isa = PBXGroup;
			children = (
				06AB9C122B48918A000E229C /* NotesListViewModel.swift */,
			);
			path = ViewModel;
			sourceTree = "<group>";
		};
		06AB9C102B488F95000E229C /* Model */ = {
			isa = PBXGroup;
			children = (
				06AB9C0E2B488E86000E229C /* Note.swift */,
			);
			path = Model;
			sourceTree = "<group>";
		};
		06AB9C112B4890DF000E229C /* NotesList */ = {
			isa = PBXGroup;
			children = (
				06AB9C102B488F95000E229C /* Model */,
				06AB9C0D2B488C6F000E229C /* ViewModel */,
				06AB9C0C2B488C4A000E229C /* View */,
			);
			path = NotesList;
			sourceTree = "<group>";
		};
		06AB9C182B498855000E229C /* Extensions */ = {
			isa = PBXGroup;
			children = (
				06AB9C162B498850000E229C /* UIColor+Ex.swift */,
			);
			path = Extensions;
			sourceTree = "<group>";
		};
/* End PBXGroup section */

/* Begin PBXNativeTarget section */
		06AB9BC22B45FA3B000E229C /* NotesLesson */ = {
			isa = PBXNativeTarget;
			buildConfigurationList = 06AB9BD72B45FA3C000E229C /* Build configuration list for PBXNativeTarget "NotesLesson" */;
			buildPhases = (
				06AB9BBF2B45FA3B000E229C /* Sources */,
				06AB9BC02B45FA3B000E229C /* Frameworks */,
				06AB9BC12B45FA3B000E229C /* Resources */,
				06AB9C0B2B4749AE000E229C /* Embed Frameworks */,
			);
			buildRules = (
			);
			dependencies = (
			);
			name = NotesLesson;
			packageProductDependencies = (
				06AB9C092B4749AE000E229C /* SnapKit */,
			);
			productName = NotesLesson;
			productReference = 06AB9BC32B45FA3B000E229C /* NotesLesson.app */;
			productType = "com.apple.product-type.application";
		};
/* End PBXNativeTarget section */

/* Begin PBXProject section */
		06AB9BBB2B45FA3B000E229C /* Project object */ = {
			isa = PBXProject;
			attributes = {
				LastSwiftUpdateCheck = 1240;
				LastUpgradeCheck = 1240;
				TargetAttributes = {
					06AB9BC22B45FA3B000E229C = {
						CreatedOnToolsVersion = 12.4;
					};
				};
			};
			buildConfigurationList = 06AB9BBE2B45FA3B000E229C /* Build configuration list for PBXProject "NotesLesson" */;
			compatibilityVersion = "Xcode 9.3";
			developmentRegion = en;
			hasScannedForEncodings = 0;
			knownRegions = (
				en,
				Base,
			);
			mainGroup = 06AB9BBA2B45FA3B000E229C;
			packageReferences = (
				06AB9C052B4749AE000E229C /* XCRemoteSwiftPackageReference "SnapKit" */,
			);
			productRefGroup = 06AB9BC42B45FA3B000E229C /* Products */;
			projectDirPath = "";
			projectRoot = "";
			targets = (
				06AB9BC22B45FA3B000E229C /* NotesLesson */,
			);
		};
/* End PBXProject section */

/* Begin PBXResourcesBuildPhase section */
		06AB9BC12B45FA3B000E229C /* Resources */ = {
			isa = PBXResourcesBuildPhase;
			buildActionMask = 2147483647;
			files = (
				06AB9BD02B45FA3C000E229C /* Assets.xcassets in Resources */,
			);
			runOnlyForDeploymentPostprocessing = 0;
		};
/* End PBXResourcesBuildPhase section */

/* Begin PBXSourcesBuildPhase section */
		06AB9BBF2B45FA3B000E229C /* Sources */ = {
			isa = PBXSourcesBuildPhase;
			buildActionMask = 2147483647;
			files = (
				06AB9C172B498850000E229C /* UIColor+Ex.swift in Sources */,
				063F48F12B4D762C00E90E92 /* CategoryViewCell .swift in Sources */,
				06AB9C152B489B7B000E229C /* TableViewSection.swift in Sources */,
				06AB9C0F2B488E86000E229C /* Note.swift in Sources */,
				06AB9BCB2B45FA3B000E229C /* NotesListViewController.swift in Sources */,
				063F48ED2B49E09C00E90E92 /* NoteViewController.swift in Sources */,
				06AB9BC72B45FA3B000E229C /* AppDelegate.swift in Sources */,
				063F48F62B4DB45D00E90E92 /* SelectStyleViewController.swift in Sources */,
				06AB9C002B46CE8C000E229C /* SimpleNoteTableViewCell.swift in Sources */,
				06AB9C132B48918A000E229C /* NotesListViewModel.swift in Sources */,
				06AB9C032B46CEEE000E229C /* ImageNoteTableViewCell.swift in Sources */,
			);
			runOnlyForDeploymentPostprocessing = 0;
		};
/* End PBXSourcesBuildPhase section */

/* Begin XCBuildConfiguration section */
		06AB9BD52B45FA3C000E229C /* Debug */ = {
			isa = XCBuildConfiguration;
			buildSettings = {
				ALWAYS_SEARCH_USER_PATHS = NO;
				CLANG_ANALYZER_NONNULL = YES;
				CLANG_ANALYZER_NUMBER_OBJECT_CONVERSION = YES_AGGRESSIVE;
				CLANG_CXX_LANGUAGE_STANDARD = "gnu++14";
				CLANG_CXX_LIBRARY = "libc++";
				CLANG_ENABLE_MODULES = YES;
				CLANG_ENABLE_OBJC_ARC = YES;
				CLANG_ENABLE_OBJC_WEAK = YES;
				CLANG_WARN_BLOCK_CAPTURE_AUTORELEASING = YES;
				CLANG_WARN_BOOL_CONVERSION = YES;
				CLANG_WARN_COMMA = YES;
				CLANG_WARN_CONSTANT_CONVERSION = YES;
				CLANG_WARN_DEPRECATED_OBJC_IMPLEMENTATIONS = YES;
				CLANG_WARN_DIRECT_OBJC_ISA_USAGE = YES_ERROR;
				CLANG_WARN_DOCUMENTATION_COMMENTS = YES;
				CLANG_WARN_EMPTY_BODY = YES;
				CLANG_WARN_ENUM_CONVERSION = YES;
				CLANG_WARN_INFINITE_RECURSION = YES;
				CLANG_WARN_INT_CONVERSION = YES;
				CLANG_WARN_NON_LITERAL_NULL_CONVERSION = YES;
				CLANG_WARN_OBJC_IMPLICIT_RETAIN_SELF = YES;
				CLANG_WARN_OBJC_LITERAL_CONVERSION = YES;
				CLANG_WARN_OBJC_ROOT_CLASS = YES_ERROR;
				CLANG_WARN_QUOTED_INCLUDE_IN_FRAMEWORK_HEADER = YES;
				CLANG_WARN_RANGE_LOOP_ANALYSIS = YES;
				CLANG_WARN_STRICT_PROTOTYPES = YES;
				CLANG_WARN_SUSPICIOUS_MOVE = YES;
				CLANG_WARN_UNGUARDED_AVAILABILITY = YES_AGGRESSIVE;
				CLANG_WARN_UNREACHABLE_CODE = YES;
				CLANG_WARN__DUPLICATE_METHOD_MATCH = YES;
				COPY_PHASE_STRIP = NO;
				DEBUG_INFORMATION_FORMAT = dwarf;
				ENABLE_STRICT_OBJC_MSGSEND = YES;
				ENABLE_TESTABILITY = YES;
				GCC_C_LANGUAGE_STANDARD = gnu11;
				GCC_DYNAMIC_NO_PIC = NO;
				GCC_NO_COMMON_BLOCKS = YES;
				GCC_OPTIMIZATION_LEVEL = 0;
				GCC_PREPROCESSOR_DEFINITIONS = (
					"DEBUG=1",
					"$(inherited)",
				);
				GCC_WARN_64_TO_32_BIT_CONVERSION = YES;
				GCC_WARN_ABOUT_RETURN_TYPE = YES_ERROR;
				GCC_WARN_UNDECLARED_SELECTOR = YES;
				GCC_WARN_UNINITIALIZED_AUTOS = YES_AGGRESSIVE;
				GCC_WARN_UNUSED_FUNCTION = YES;
				GCC_WARN_UNUSED_VARIABLE = YES;
				IPHONEOS_DEPLOYMENT_TARGET = 14.4;
				MTL_ENABLE_DEBUG_INFO = INCLUDE_SOURCE;
				MTL_FAST_MATH = YES;
				ONLY_ACTIVE_ARCH = YES;
				SDKROOT = iphoneos;
				SWIFT_ACTIVE_COMPILATION_CONDITIONS = DEBUG;
				SWIFT_OPTIMIZATION_LEVEL = "-Onone";
			};
			name = Debug;
		};
		06AB9BD62B45FA3C000E229C /* Release */ = {
			isa = XCBuildConfiguration;
			buildSettings = {
				ALWAYS_SEARCH_USER_PATHS = NO;
				CLANG_ANALYZER_NONNULL = YES;
				CLANG_ANALYZER_NUMBER_OBJECT_CONVERSION = YES_AGGRESSIVE;
				CLANG_CXX_LANGUAGE_STANDARD = "gnu++14";
				CLANG_CXX_LIBRARY = "libc++";
				CLANG_ENABLE_MODULES = YES;
				CLANG_ENABLE_OBJC_ARC = YES;
				CLANG_ENABLE_OBJC_WEAK = YES;
				CLANG_WARN_BLOCK_CAPTURE_AUTORELEASING = YES;
				CLANG_WARN_BOOL_CONVERSION = YES;
				CLANG_WARN_COMMA = YES;
				CLANG_WARN_CONSTANT_CONVERSION = YES;
				CLANG_WARN_DEPRECATED_OBJC_IMPLEMENTATIONS = YES;
				CLANG_WARN_DIRECT_OBJC_ISA_USAGE = YES_ERROR;
				CLANG_WARN_DOCUMENTATION_COMMENTS = YES;
				CLANG_WARN_EMPTY_BODY = YES;
				CLANG_WARN_ENUM_CONVERSION = YES;
				CLANG_WARN_INFINITE_RECURSION = YES;
				CLANG_WARN_INT_CONVERSION = YES;
				CLANG_WARN_NON_LITERAL_NULL_CONVERSION = YES;
				CLANG_WARN_OBJC_IMPLICIT_RETAIN_SELF = YES;
				CLANG_WARN_OBJC_LITERAL_CONVERSION = YES;
				CLANG_WARN_OBJC_ROOT_CLASS = YES_ERROR;
				CLANG_WARN_QUOTED_INCLUDE_IN_FRAMEWORK_HEADER = YES;
				CLANG_WARN_RANGE_LOOP_ANALYSIS = YES;
				CLANG_WARN_STRICT_PROTOTYPES = YES;
				CLANG_WARN_SUSPICIOUS_MOVE = YES;
				CLANG_WARN_UNGUARDED_AVAILABILITY = YES_AGGRESSIVE;
				CLANG_WARN_UNREACHABLE_CODE = YES;
				CLANG_WARN__DUPLICATE_METHOD_MATCH = YES;
				COPY_PHASE_STRIP = NO;
				DEBUG_INFORMATION_FORMAT = "dwarf-with-dsym";
				ENABLE_NS_ASSERTIONS = NO;
				ENABLE_STRICT_OBJC_MSGSEND = YES;
				GCC_C_LANGUAGE_STANDARD = gnu11;
				GCC_NO_COMMON_BLOCKS = YES;
				GCC_WARN_64_TO_32_BIT_CONVERSION = YES;
				GCC_WARN_ABOUT_RETURN_TYPE = YES_ERROR;
				GCC_WARN_UNDECLARED_SELECTOR = YES;
				GCC_WARN_UNINITIALIZED_AUTOS = YES_AGGRESSIVE;
				GCC_WARN_UNUSED_FUNCTION = YES;
				GCC_WARN_UNUSED_VARIABLE = YES;
				IPHONEOS_DEPLOYMENT_TARGET = 14.4;
				MTL_ENABLE_DEBUG_INFO = NO;
				MTL_FAST_MATH = YES;
				SDKROOT = iphoneos;
				SWIFT_COMPILATION_MODE = wholemodule;
				SWIFT_OPTIMIZATION_LEVEL = "-O";
				VALIDATE_PRODUCT = YES;
			};
			name = Release;
		};
		06AB9BD82B45FA3C000E229C /* Debug */ = {
			isa = XCBuildConfiguration;
			buildSettings = {
				ASSETCATALOG_COMPILER_APPICON_NAME = AppIcon;
				ASSETCATALOG_COMPILER_GLOBAL_ACCENT_COLOR_NAME = AccentColor;
				CODE_SIGN_STYLE = Automatic;
				INFOPLIST_FILE = NotesLesson/Info.plist;
				LD_RUNPATH_SEARCH_PATHS = (
					"$(inherited)",
					"@executable_path/Frameworks",
				);
				PRODUCT_BUNDLE_IDENTIFIER = "Kateryna-Fomenko.NotesLesson";
				PRODUCT_NAME = "$(TARGET_NAME)";
				SWIFT_VERSION = 5.0;
				TARGETED_DEVICE_FAMILY = "1,2";
			};
			name = Debug;
		};
		06AB9BD92B45FA3C000E229C /* Release */ = {
			isa = XCBuildConfiguration;
			buildSettings = {
				ASSETCATALOG_COMPILER_APPICON_NAME = AppIcon;
				ASSETCATALOG_COMPILER_GLOBAL_ACCENT_COLOR_NAME = AccentColor;
				CODE_SIGN_STYLE = Automatic;
				INFOPLIST_FILE = NotesLesson/Info.plist;
				LD_RUNPATH_SEARCH_PATHS = (
					"$(inherited)",
					"@executable_path/Frameworks",
				);
				PRODUCT_BUNDLE_IDENTIFIER = "Kateryna-Fomenko.NotesLesson";
				PRODUCT_NAME = "$(TARGET_NAME)";
				SWIFT_VERSION = 5.0;
				TARGETED_DEVICE_FAMILY = "1,2";
			};
			name = Release;
		};
/* End XCBuildConfiguration section */

/* Begin XCConfigurationList section */
		06AB9BBE2B45FA3B000E229C /* Build configuration list for PBXProject "NotesLesson" */ = {
			isa = XCConfigurationList;
			buildConfigurations = (
				06AB9BD52B45FA3C000E229C /* Debug */,
				06AB9BD62B45FA3C000E229C /* Release */,
			);
			defaultConfigurationIsVisible = 0;
			defaultConfigurationName = Release;
		};
		06AB9BD72B45FA3C000E229C /* Build configuration list for PBXNativeTarget "NotesLesson" */ = {
			isa = XCConfigurationList;
			buildConfigurations = (
				06AB9BD82B45FA3C000E229C /* Debug */,
				06AB9BD92B45FA3C000E229C /* Release */,
			);
			defaultConfigurationIsVisible = 0;
			defaultConfigurationName = Release;
		};
/* End XCConfigurationList section */

/* Begin XCRemoteSwiftPackageReference section */
		06AB9C052B4749AE000E229C /* XCRemoteSwiftPackageReference "SnapKit" */ = {
			isa = XCRemoteSwiftPackageReference;
			repositoryURL = "https://github.com/SnapKit/SnapKit.git";
			requirement = {
				kind = upToNextMajorVersion;
				minimumVersion = 5.6.0;
			};
		};
/* End XCRemoteSwiftPackageReference section */

/* Begin XCSwiftPackageProductDependency section */
		06AB9C092B4749AE000E229C /* SnapKit */ = {
			isa = XCSwiftPackageProductDependency;
			package = 06AB9C052B4749AE000E229C /* XCRemoteSwiftPackageReference "SnapKit" */;
			productName = SnapKit;
		};
/* End XCSwiftPackageProductDependency section */
	};
	rootObject = 06AB9BBB2B45FA3B000E229C /* Project object */;
}
